
Microsoft Visual Studio Solution File, Format Version 11.00
# Visual Studio 2010
Project("{FAE04EC0-301F-11D3-BF4B-00C04F79EFBC}") = "RedemptionTD", "Assembly-CSharp.csproj", "{F5FB8BCC-85E5-5FF3-A07E-F58FA989AF30}"
EndProject
Project("{FAE04EC0-301F-11D3-BF4B-00C04F79EFBC}") = "RedemptionTD", "Assembly-CSharp-Editor.csproj", "{C2985DA8-D12F-0B13-DBAF-F6AD45D4E9BD}"
EndProject
Global
	GlobalSection(SolutionConfigurationPlatforms) = preSolution
		Debug|Any CPU = Debug|Any CPU
		Release|Any CPU = Release|Any CPU
	EndGlobalSection
	GlobalSection(ProjectConfigurationPlatforms) = postSolution
		{F5FB8BCC-85E5-5FF3-A07E-F58FA989AF30}.Debug|Any CPU.ActiveCfg = Debug|Any CPU
		{F5FB8BCC-85E5-5FF3-A07E-F58FA989AF30}.Debug|Any CPU.Build.0 = Debug|Any CPU
		{F5FB8BCC-85E5-5FF3-A07E-F58FA989AF30}.Release|Any CPU.ActiveCfg = Release|Any CPU
		{F5FB8BCC-85E5-5FF3-A07E-F58FA989AF30}.Release|Any CPU.Build.0 = Release|Any CPU
		{C2985DA8-D12F-0B13-DBAF-F6AD45D4E9BD}.Debug|Any CPU.ActiveCfg = Debug|Any CPU
		{C2985DA8-D12F-0B13-DBAF-F6AD45D4E9BD}.Debug|Any CPU.Build.0 = Debug|Any CPU
		{C2985DA8-D12F-0B13-DBAF-F6AD45D4E9BD}.Release|Any CPU.ActiveCfg = Release|Any CPU
		{C2985DA8-D12F-0B13-DBAF-F6AD45D4E9BD}.Release|Any CPU.Build.0 = Release|Any CPU
	EndGlobalSection
	GlobalSection(SolutionProperties) = preSolution
		HideSolutionNode = FALSE
	EndGlobalSection
	GlobalSection(MonoDevelopProperties) = preSolution
		Policies = $0
		$0.DotNetNamingPolicy = $1
		$1.DirectoryNamespaceAssociation = None
		$1.ResourceNamePolicy = FileFormatDefault
		$0.TextStylePolicy = $2
		$2.FileWidth = 120
		$2.inheritsSet = VisualStudio
		$2.inheritsScope = text/plain
		$2.scope = text/x-csharp
		$0.CSharpFormattingPolicy = $3
		$3.IndentSwitchBody = True
		$3.AnonymousMethodBraceStyle = NextLine
		$3.PropertyBraceStyle = NextLine
		$3.PropertyGetBraceStyle = NextLine
		$3.PropertySetBraceStyle = NextLine
		$3.EventBraceStyle = NextLine
		$3.EventAddBraceStyle = NextLine
		$3.EventRemoveBraceStyle = NextLine
		$3.StatementBraceStyle = NextLine
		$3.ElseNewLinePlacement = NewLine
		$3.CatchNewLinePlacement = NewLine
		$3.FinallyNewLinePlacement = NewLine
		$3.ArrayInitializerWrapping = DoNotWrap
		$3.BeforeMethodDeclarationParentheses = False
		$3.BeforeMethodCallParentheses = False
		$3.BeforeConstructorDeclarationParentheses = False
		$3.BeforeIndexerDeclarationBracket = False
		$3.BeforeDelegateDeclarationParentheses = False
		$3.AfterDelegateDeclarationParameterComma = True
		$3.NewParentheses = False
		$3.IfParentheses = False
		$3.WhileParentheses = False
		$3.ForParentheses = False
		$3.ForeachParentheses = False
		$3.CatchParentheses = False
		$3.SwitchParentheses = False
		$3.LockParentheses = False
		$3.UsingParentheses = False
		$3.SpacesBeforeBrackets = False
		$3.BlankLinesBetweenFields = 1
		$3.BlankLinesBetweenEventFields = 1
		$3.MethodCallArgumentWrapping = DoNotWrap
		$3.MethodDeclarationParameterWrapping = DoNotWrap
		$3.IndexerDeclarationParameterWrapping = DoNotWrap
		$3.IndexerArgumentWrapping = DoNotWrap
		$3.inheritsSet = Mono
		$3.inheritsScope = text/x-csharp
		$3.scope = text/x-csharp
		$0.StandardHeader = $4
		$4.Text = 
		$4.IncludeInNewFiles = True
	EndGlobalSection
EndGlobal
